// !$*UTF8*$!
{
	archiveVersion = 1;
	classes = {
	};
	objectVersion = 50;
	objects = {

/* Begin PBXBuildFile section */
		6D6DEF3025E188C70090AD8B /* AppDelegate.swift in Sources */ = {isa = PBXBuildFile; fileRef = 6D6DEF2F25E188C70090AD8B /* AppDelegate.swift */; };
		6D6DEF3225E188C70090AD8B /* SceneDelegate.swift in Sources */ = {isa = PBXBuildFile; fileRef = 6D6DEF3125E188C70090AD8B /* SceneDelegate.swift */; };
		6D6DEF3425E188C70090AD8B /* ViewController.swift in Sources */ = {isa = PBXBuildFile; fileRef = 6D6DEF3325E188C70090AD8B /* ViewController.swift */; };
		6D6DEF3725E188C70090AD8B /* Main.storyboard in Resources */ = {isa = PBXBuildFile; fileRef = 6D6DEF3525E188C70090AD8B /* Main.storyboard */; };
		6D6DEF3A25E188C70090AD8B /* MyCarCoreData.xcdatamodeld in Sources */ = {isa = PBXBuildFile; fileRef = 6D6DEF3825E188C70090AD8B /* MyCarCoreData.xcdatamodeld */; };
		6D6DEF3C25E188C70090AD8B /* Assets.xcassets in Resources */ = {isa = PBXBuildFile; fileRef = 6D6DEF3B25E188C70090AD8B /* Assets.xcassets */; };
		6D6DEF3F25E188C70090AD8B /* LaunchScreen.storyboard in Resources */ = {isa = PBXBuildFile; fileRef = 6D6DEF3D25E188C70090AD8B /* LaunchScreen.storyboard */; };
		6D7D244625E289960069E562 /* data.plist in Resources */ = {isa = PBXBuildFile; fileRef = 6D7D244525E289960069E562 /* data.plist */; };
/* End PBXBuildFile section */

/* Begin PBXFileReference section */
		6D6DEF2C25E188C70090AD8B /* MyCarCoreData.app */ = {isa = PBXFileReference; explicitFileType = wrapper.application; includeInIndex = 0; path = MyCarCoreData.app; sourceTree = BUILT_PRODUCTS_DIR; };
		6D6DEF2F25E188C70090AD8B /* AppDelegate.swift */ = {isa = PBXFileReference; lastKnownFileType = sourcecode.swift; path = AppDelegate.swift; sourceTree = "<group>"; };
		6D6DEF3125E188C70090AD8B /* SceneDelegate.swift */ = {isa = PBXFileReference; lastKnownFileType = sourcecode.swift; path = SceneDelegate.swift; sourceTree = "<group>"; };
		6D6DEF3325E188C70090AD8B /* ViewController.swift */ = {isa = PBXFileReference; lastKnownFileType = sourcecode.swift; path = ViewController.swift; sourceTree = "<group>"; };
		6D6DEF3625E188C70090AD8B /* Base */ = {isa = PBXFileReference; lastKnownFileType = file.storyboard; name = Base; path = Base.lproj/Main.storyboard; sourceTree = "<group>"; };
		6D6DEF3925E188C70090AD8B /* MyCarCoreData.xcdatamodel */ = {isa = PBXFileReference; lastKnownFileType = wrapper.xcdatamodel; path = MyCarCoreData.xcdatamodel; sourceTree = "<group>"; };
		6D6DEF3B25E188C70090AD8B /* Assets.xcassets */ = {isa = PBXFileReference; lastKnownFileType = folder.assetcatalog; path = Assets.xcassets; sourceTree = "<group>"; };
		6D6DEF3E25E188C70090AD8B /* Base */ = {isa = PBXFileReference; lastKnownFileType = file.storyboard; name = Base; path = Base.lproj/LaunchScreen.storyboard; sourceTree = "<group>"; };
		6D6DEF4025E188C70090AD8B /* Info.plist */ = {isa = PBXFileReference; lastKnownFileType = text.plist.xml; path = Info.plist; sourceTree = "<group>"; };
		6D7D244525E289960069E562 /* data.plist */ = {isa = PBXFileReference; lastKnownFileType = text.plist.xml; path = data.plist; sourceTree = "<group>"; };
/* End PBXFileReference section */

/* Begin PBXFrameworksBuildPhase section */
		6D6DEF2925E188C70090AD8B /* Frameworks */ = {
			isa = PBXFrameworksBuildPhase;
			buildActionMask = 2147483647;
			files = (
			);
			runOnlyForDeploymentPostprocessing = 0;
		};
/* End PBXFrameworksBuildPhase section */

/* Begin PBXGroup section */
		6D6DEF2325E188C60090AD8B = {
			isa = PBXGroup;
			children = (
				6D6DEF2E25E188C70090AD8B /* MyCarCoreData */,
				6D6DEF2D25E188C70090AD8B /* Products */,
			);
			sourceTree = "<group>";
		};
		6D6DEF2D25E188C70090AD8B /* Products */ = {
			isa = PBXGroup;
			children = (
				6D6DEF2C25E188C70090AD8B /* MyCarCoreData.app */,
			);
			name = Products;
			sourceTree = "<group>";
		};
		6D6DEF2E25E188C70090AD8B /* MyCarCoreData */ = {
			isa = PBXGroup;
			children = (
				6D6DEF2F25E188C70090AD8B /* AppDelegate.swift */,
				6D6DEF3125E188C70090AD8B /* SceneDelegate.swift */,
				6D6DEF3325E188C70090AD8B /* ViewController.swift */,
				6D6DEF3525E188C70090AD8B /* Main.storyboard */,
				6D6DEF3B25E188C70090AD8B /* Assets.xcassets */,
				6D6DEF3D25E188C70090AD8B /* LaunchScreen.storyboard */,
				6D6DEF4025E188C70090AD8B /* Info.plist */,
				6D6DEF3825E188C70090AD8B /* MyCarCoreData.xcdatamodeld */,
				6D7D244525E289960069E562 /* data.plist */,
			);
			path = MyCarCoreData;
			sourceTree = "<group>";
		};
/* End PBXGroup section */

/* Begin PBXNativeTarget section */
		6D6DEF2B25E188C70090AD8B /* MyCarCoreData */ = {
			isa = PBXNativeTarget;
			buildConfigurationList = 6D6DEF4325E188C70090AD8B /* Build configuration list for PBXNativeTarget "MyCarCoreData" */;
			buildPhases = (
				6D6DEF2825E188C70090AD8B /* Sources */,
				6D6DEF2925E188C70090AD8B /* Frameworks */,
				6D6DEF2A25E188C70090AD8B /* Resources */,
			);
			buildRules = (
			);
			dependencies = (
			);
			name = MyCarCoreData;
			productName = MyCarCoreData;
			productReference = 6D6DEF2C25E188C70090AD8B /* MyCarCoreData.app */;
			productType = "com.apple.product-type.application";
		};
/* End PBXNativeTarget section */

/* Begin PBXProject section */
		6D6DEF2425E188C60090AD8B /* Project object */ = {
			isa = PBXProject;
			attributes = {
				LastSwiftUpdateCheck = 1220;
				LastUpgradeCheck = 1220;
				TargetAttributes = {
					6D6DEF2B25E188C70090AD8B = {
						CreatedOnToolsVersion = 12.2;
					};
				};
			};
			buildConfigurationList = 6D6DEF2725E188C60090AD8B /* Build configuration list for PBXProject "MyCarCoreData" */;
			compatibilityVersion = "Xcode 9.3";
			developmentRegion = en;
			hasScannedForEncodings = 0;
			knownRegions = (
				en,
				Base,
			);
			mainGroup = 6D6DEF2325E188C60090AD8B;
			productRefGroup = 6D6DEF2D25E188C70090AD8B /* Products */;
			projectDirPath = "";
			projectRoot = "";
			targets = (
				6D6DEF2B25E188C70090AD8B /* MyCarCoreData */,
			);
		};
/* End PBXProject section */

/* Begin PBXResourcesBuildPhase section */
		6D6DEF2A25E188C70090AD8B /* Resources */ = {
			isa = PBXResourcesBuildPhase;
			buildActionMask = 2147483647;
			files = (
				6D6DEF3F25E188C70090AD8B /* LaunchScreen.storyboard in Resources */,
				6D6DEF3C25E188C70090AD8B /* Assets.xcassets in Resources */,
				6D7D244625E289960069E562 /* data.plist in Resources */,
				6D6DEF3725E188C70090AD8B /* Main.storyboard in Resources */,
			);
			runOnlyForDeploymentPostprocessing = 0;
		};
/* End PBXResourcesBuildPhase section */

/* Begin PBXSourcesBuildPhase section */
		6D6DEF2825E188C70090AD8B /* Sources */ = {
			isa = PBXSourcesBuildPhase;
			buildActionMask = 2147483647;
			files = (
				6D6DEF3425E188C70090AD8B /* ViewController.swift in Sources */,
				6D6DEF3A25E188C70090AD8B /* MyCarCoreData.xcdatamodeld in Sources */,
				6D6DEF3025E188C70090AD8B /* AppDelegate.swift in Sources */,
				6D6DEF3225E188C70090AD8B /* SceneDelegate.swift in Sources */,
			);
			runOnlyForDeploymentPostprocessing = 0;
		};
/* End PBXSourcesBuildPhase section */

/* Begin PBXVariantGroup section */
		6D6DEF3525E188C70090AD8B /* Main.storyboard */ = {
			isa = PBXVariantGroup;
			children = (
				6D6DEF3625E188C70090AD8B /* Base */,
			);
			name = Main.storyboard;
			sourceTree = "<group>";
		};
		6D6DEF3D25E188C70090AD8B /* LaunchScreen.storyboard */ = {
			isa = PBXVariantGroup;
			children = (
				6D6DEF3E25E188C70090AD8B /* Base */,
			);
			name = LaunchScreen.storyboard;
			sourceTree = "<group>";
		};
/* End PBXVariantGroup section */

/* Begin XCBuildConfiguration section */
		6D6DEF4125E188C70090AD8B /* Debug */ = {
			isa = XCBuildConfiguration;
			buildSettings = {
				ALWAYS_SEARCH_USER_PATHS = NO;
				CLANG_ANALYZER_NONNULL = YES;
				CLANG_ANALYZER_NUMBER_OBJECT_CONVERSION = YES_AGGRESSIVE;
				CLANG_CXX_LANGUAGE_STANDARD = "gnu++14";
				CLANG_CXX_LIBRARY = "libc++";
				CLANG_ENABLE_MODULES = YES;
				CLANG_ENABLE_OBJC_ARC = YES;
				CLANG_ENABLE_OBJC_WEAK = YES;
				CLANG_WARN_BLOCK_CAPTURE_AUTORELEASING = YES;
				CLANG_WARN_BOOL_CONVERSION = YES;
				CLANG_WARN_COMMA = YES;
				CLANG_WARN_CONSTANT_CONVERSION = YES;
				CLANG_WARN_DEPRECATED_OBJC_IMPLEMENTATIONS = YES;
				CLANG_WARN_DIRECT_OBJC_ISA_USAGE = YES_ERROR;
				CLANG_WARN_DOCUMENTATION_COMMENTS = YES;
				CLANG_WARN_EMPTY_BODY = YES;
				CLANG_WARN_ENUM_CONVERSION = YES;
				CLANG_WARN_INFINITE_RECURSION = YES;
				CLANG_WARN_INT_CONVERSION = YES;
				CLANG_WARN_NON_LITERAL_NULL_CONVERSION = YES;
				CLANG_WARN_OBJC_IMPLICIT_RETAIN_SELF = YES;
				CLANG_WARN_OBJC_LITERAL_CONVERSION = YES;
				CLANG_WARN_OBJC_ROOT_CLASS = YES_ERROR;
				CLANG_WARN_QUOTED_INCLUDE_IN_FRAMEWORK_HEADER = YES;
				CLANG_WARN_RANGE_LOOP_ANALYSIS = YES;
				CLANG_WARN_STRICT_PROTOTYPES = YES;
				CLANG_WARN_SUSPICIOUS_MOVE = YES;
				CLANG_WARN_UNGUARDED_AVAILABILITY = YES_AGGRESSIVE;
				CLANG_WARN_UNREACHABLE_CODE = YES;
				CLANG_WARN__DUPLICATE_METHOD_MATCH = YES;
				COPY_PHASE_STRIP = NO;
				DEBUG_INFORMATION_FORMAT = dwarf;
				ENABLE_STRICT_OBJC_MSGSEND = YES;
				ENABLE_TESTABILITY = YES;
				GCC_C_LANGUAGE_STANDARD = gnu11;
				GCC_DYNAMIC_NO_PIC = NO;
				GCC_NO_COMMON_BLOCKS = YES;
				GCC_OPTIMIZATION_LEVEL = 0;
				GCC_PREPROCESSOR_DEFINITIONS = (
					"DEBUG=1",
					"$(inherited)",
				);
				GCC_WARN_64_TO_32_BIT_CONVERSION = YES;
				GCC_WARN_ABOUT_RETURN_TYPE = YES_ERROR;
				GCC_WARN_UNDECLARED_SELECTOR = YES;
				GCC_WARN_UNINITIALIZED_AUTOS = YES_AGGRESSIVE;
				GCC_WARN_UNUSED_FUNCTION = YES;
				GCC_WARN_UNUSED_VARIABLE = YES;
				IPHONEOS_DEPLOYMENT_TARGET = 14.2;
				MTL_ENABLE_DEBUG_INFO = INCLUDE_SOURCE;
				MTL_FAST_MATH = YES;
				ONLY_ACTIVE_ARCH = YES;
				SDKROOT = iphoneos;
				SWIFT_ACTIVE_COMPILATION_CONDITIONS = DEBUG;
				SWIFT_OPTIMIZATION_LEVEL = "-Onone";
			};
			name = Debug;
		};
		6D6DEF4225E188C70090AD8B /* Release */ = {
			isa = XCBuildConfiguration;
			buildSettings = {
				ALWAYS_SEARCH_USER_PATHS = NO;
				CLANG_ANALYZER_NONNULL = YES;
				CLANG_ANALYZER_NUMBER_OBJECT_CONVERSION = YES_AGGRESSIVE;
				CLANG_CXX_LANGUAGE_STANDARD = "gnu++14";
				CLANG_CXX_LIBRARY = "libc++";
				CLANG_ENABLE_MODULES = YES;
				CLANG_ENABLE_OBJC_ARC = YES;
				CLANG_ENABLE_OBJC_WEAK = YES;
				CLANG_WARN_BLOCK_CAPTURE_AUTORELEASING = YES;
				CLANG_WARN_BOOL_CONVERSION = YES;
				CLANG_WARN_COMMA = YES;
				CLANG_WARN_CONSTANT_CONVERSION = YES;
				CLANG_WARN_DEPRECATED_OBJC_IMPLEMENTATIONS = YES;
				CLANG_WARN_DIRECT_OBJC_ISA_USAGE = YES_ERROR;
				CLANG_WARN_DOCUMENTATION_COMMENTS = YES;
				CLANG_WARN_EMPTY_BODY = YES;
				CLANG_WARN_ENUM_CONVERSION = YES;
				CLANG_WARN_INFINITE_RECURSION = YES;
				CLANG_WARN_INT_CONVERSION = YES;
				CLANG_WARN_NON_LITERAL_NULL_CONVERSION = YES;
				CLANG_WARN_OBJC_IMPLICIT_RETAIN_SELF = YES;
				CLANG_WARN_OBJC_LITERAL_CONVERSION = YES;
				CLANG_WARN_OBJC_ROOT_CLASS = YES_ERROR;
				CLANG_WARN_QUOTED_INCLUDE_IN_FRAMEWORK_HEADER = YES;
				CLANG_WARN_RANGE_LOOP_ANALYSIS = YES;
				CLANG_WARN_STRICT_PROTOTYPES = YES;
				CLANG_WARN_SUSPICIOUS_MOVE = YES;
				CLANG_WARN_UNGUARDED_AVAILABILITY = YES_AGGRESSIVE;
				CLANG_WARN_UNREACHABLE_CODE = YES;
				CLANG_WARN__DUPLICATE_METHOD_MATCH = YES;
				COPY_PHASE_STRIP = NO;
				DEBUG_INFORMATION_FORMAT = "dwarf-with-dsym";
				ENABLE_NS_ASSERTIONS = NO;
				ENABLE_STRICT_OBJC_MSGSEND = YES;
				GCC_C_LANGUAGE_STANDARD = gnu11;
				GCC_NO_COMMON_BLOCKS = YES;
				GCC_WARN_64_TO_32_BIT_CONVERSION = YES;
				GCC_WARN_ABOUT_RETURN_TYPE = YES_ERROR;
				GCC_WARN_UNDECLARED_SELECTOR = YES;
				GCC_WARN_UNINITIALIZED_AUTOS = YES_AGGRESSIVE;
				GCC_WARN_UNUSED_FUNCTION = YES;
				GCC_WARN_UNUSED_VARIABLE = YES;
				IPHONEOS_DEPLOYMENT_TARGET = 14.2;
				MTL_ENABLE_DEBUG_INFO = NO;
				MTL_FAST_MATH = YES;
				SDKROOT = iphoneos;
				SWIFT_COMPILATION_MODE = wholemodule;
				SWIFT_OPTIMIZATION_LEVEL = "-O";
				VALIDATE_PRODUCT = YES;
			};
			name = Release;
		};
		6D6DEF4425E188C70090AD8B /* Debug */ = {
			isa = XCBuildConfiguration;
			buildSettings = {
				ASSETCATALOG_COMPILER_APPICON_NAME = AppIcon;
				ASSETCATALOG_COMPILER_GLOBAL_ACCENT_COLOR_NAME = AccentColor;
				CODE_SIGN_STYLE = Automatic;
				DEVELOPMENT_TEAM = QD77427QCY;
				INFOPLIST_FILE = MyCarCoreData/Info.plist;
				LD_RUNPATH_SEARCH_PATHS = (
					"$(inherited)",
					"@executable_path/Frameworks",
				);
				PRODUCT_BUNDLE_IDENTIFIER = com.edgarh.MyCarCoreData;
				PRODUCT_NAME = "$(TARGET_NAME)";
				SWIFT_VERSION = 5.0;
				TARGETED_DEVICE_FAMILY = "1,2";
			};
			name = Debug;
		};
		6D6DEF4525E188C70090AD8B /* Release */ = {
			isa = XCBuildConfiguration;
			buildSettings = {
				ASSETCATALOG_COMPILER_APPICON_NAME = AppIcon;
				ASSETCATALOG_COMPILER_GLOBAL_ACCENT_COLOR_NAME = AccentColor;
				CODE_SIGN_STYLE = Automatic;
				DEVELOPMENT_TEAM = QD77427QCY;
				INFOPLIST_FILE = MyCarCoreData/Info.plist;
				LD_RUNPATH_SEARCH_PATHS = (
					"$(inherited)",
					"@executable_path/Frameworks",
				);
				PRODUCT_BUNDLE_IDENTIFIER = com.edgarh.MyCarCoreData;
				PRODUCT_NAME = "$(TARGET_NAME)";
				SWIFT_VERSION = 5.0;
				TARGETED_DEVICE_FAMILY = "1,2";
			};
			name = Release;
		};
/* End XCBuildConfiguration section */

/* Begin XCConfigurationList section */
		6D6DEF2725E188C60090AD8B /* Build configuration list for PBXProject "MyCarCoreData" */ = {
			isa = XCConfigurationList;
			buildConfigurations = (
				6D6DEF4125E188C70090AD8B /* Debug */,
				6D6DEF4225E188C70090AD8B /* Release */,
			);
			defaultConfigurationIsVisible = 0;
			defaultConfigurationName = Release;
		};
		6D6DEF4325E188C70090AD8B /* Build configuration list for PBXNativeTarget "MyCarCoreData" */ = {
			isa = XCConfigurationList;
			buildConfigurations = (
				6D6DEF4425E188C70090AD8B /* Debug */,
				6D6DEF4525E188C70090AD8B /* Release */,
			);
			defaultConfigurationIsVisible = 0;
			defaultConfigurationName = Release;
		};
/* End XCConfigurationList section */

/* Begin XCVersionGroup section */
		6D6DEF3825E188C70090AD8B /* MyCarCoreData.xcdatamodeld */ = {
			isa = XCVersionGroup;
			children = (
				6D6DEF3925E188C70090AD8B /* MyCarCoreData.xcdatamodel */,
			);
			currentVersion = 6D6DEF3925E188C70090AD8B /* MyCarCoreData.xcdatamodel */;
			path = MyCarCoreData.xcdatamodeld;
			sourceTree = "<group>";
			versionGroupType = wrapper.xcdatamodel;
		};
/* End XCVersionGroup section */
	};
	rootObject = 6D6DEF2425E188C60090AD8B /* Project object */;
}
