// !$*UTF8*$!
{
	archiveVersion = 1;
	classes = {
	};
	objectVersion = 50;
	objects = {

/* Begin PBXBuildFile section */
		6D449A9225800E0B004CD6E8 /* NewEmojiTableViewController.swift in Sources */ = {isa = PBXBuildFile; fileRef = 6D449A9125800E0B004CD6E8 /* NewEmojiTableViewController.swift */; };
		6D55EB312545BC6100C1D2CE /* AppDelegate.swift in Sources */ = {isa = PBXBuildFile; fileRef = 6D55EB302545BC6100C1D2CE /* AppDelegate.swift */; };
		6D55EB332545BC6100C1D2CE /* SceneDelegate.swift in Sources */ = {isa = PBXBuildFile; fileRef = 6D55EB322545BC6100C1D2CE /* SceneDelegate.swift */; };
		6D55EB382545BC6100C1D2CE /* Main.storyboard in Resources */ = {isa = PBXBuildFile; fileRef = 6D55EB362545BC6100C1D2CE /* Main.storyboard */; };
		6D55EB3A2545BC6200C1D2CE /* Assets.xcassets in Resources */ = {isa = PBXBuildFile; fileRef = 6D55EB392545BC6200C1D2CE /* Assets.xcassets */; };
		6D55EB3D2545BC6200C1D2CE /* LaunchScreen.storyboard in Resources */ = {isa = PBXBuildFile; fileRef = 6D55EB3B2545BC6200C1D2CE /* LaunchScreen.storyboard */; };
		6D55EB452545BD4000C1D2CE /* EmojiTableViewController.swift in Sources */ = {isa = PBXBuildFile; fileRef = 6D55EB442545BD4000C1D2CE /* EmojiTableViewController.swift */; };
		6D55EB472545C78000C1D2CE /* EmojiTableViewCell.swift in Sources */ = {isa = PBXBuildFile; fileRef = 6D55EB462545C78000C1D2CE /* EmojiTableViewCell.swift */; };
		6DD9A40E25769AC600BAC536 /* EmojiModel.swift in Sources */ = {isa = PBXBuildFile; fileRef = 6DD9A40D25769AC600BAC536 /* EmojiModel.swift */; };
/* End PBXBuildFile section */

/* Begin PBXFileReference section */
		6D449A9125800E0B004CD6E8 /* NewEmojiTableViewController.swift */ = {isa = PBXFileReference; lastKnownFileType = sourcecode.swift; path = NewEmojiTableViewController.swift; sourceTree = "<group>"; };
		6D55EB2D2545BC6100C1D2CE /* EmojiReader.app */ = {isa = PBXFileReference; explicitFileType = wrapper.application; includeInIndex = 0; path = EmojiReader.app; sourceTree = BUILT_PRODUCTS_DIR; };
		6D55EB302545BC6100C1D2CE /* AppDelegate.swift */ = {isa = PBXFileReference; lastKnownFileType = sourcecode.swift; path = AppDelegate.swift; sourceTree = "<group>"; };
		6D55EB322545BC6100C1D2CE /* SceneDelegate.swift */ = {isa = PBXFileReference; lastKnownFileType = sourcecode.swift; path = SceneDelegate.swift; sourceTree = "<group>"; };
		6D55EB372545BC6100C1D2CE /* Base */ = {isa = PBXFileReference; lastKnownFileType = file.storyboard; name = Base; path = Base.lproj/Main.storyboard; sourceTree = "<group>"; };
		6D55EB392545BC6200C1D2CE /* Assets.xcassets */ = {isa = PBXFileReference; lastKnownFileType = folder.assetcatalog; path = Assets.xcassets; sourceTree = "<group>"; };
		6D55EB3C2545BC6200C1D2CE /* Base */ = {isa = PBXFileReference; lastKnownFileType = file.storyboard; name = Base; path = Base.lproj/LaunchScreen.storyboard; sourceTree = "<group>"; };
		6D55EB3E2545BC6200C1D2CE /* Info.plist */ = {isa = PBXFileReference; lastKnownFileType = text.plist.xml; path = Info.plist; sourceTree = "<group>"; };
		6D55EB442545BD4000C1D2CE /* EmojiTableViewController.swift */ = {isa = PBXFileReference; lastKnownFileType = sourcecode.swift; path = EmojiTableViewController.swift; sourceTree = "<group>"; };
		6D55EB462545C78000C1D2CE /* EmojiTableViewCell.swift */ = {isa = PBXFileReference; lastKnownFileType = sourcecode.swift; path = EmojiTableViewCell.swift; sourceTree = "<group>"; };
		6DD9A40D25769AC600BAC536 /* EmojiModel.swift */ = {isa = PBXFileReference; lastKnownFileType = sourcecode.swift; path = EmojiModel.swift; sourceTree = "<group>"; };
/* End PBXFileReference section */

/* Begin PBXFrameworksBuildPhase section */
		6D55EB2A2545BC6100C1D2CE /* Frameworks */ = {
			isa = PBXFrameworksBuildPhase;
			buildActionMask = 2147483647;
			files = (
			);
			runOnlyForDeploymentPostprocessing = 0;
		};
/* End PBXFrameworksBuildPhase section */

/* Begin PBXGroup section */
		6D130BFE258FE3EF0035912C /* Model */ = {
			isa = PBXGroup;
			children = (
				6DD9A40D25769AC600BAC536 /* EmojiModel.swift */,
			);
			path = Model;
			sourceTree = "<group>";
		};
		6D130C00258FE4380035912C /* Controllers */ = {
			isa = PBXGroup;
			children = (
				6D55EB442545BD4000C1D2CE /* EmojiTableViewController.swift */,
				6D55EB462545C78000C1D2CE /* EmojiTableViewCell.swift */,
				6D449A9125800E0B004CD6E8 /* NewEmojiTableViewController.swift */,
			);
			path = Controllers;
			sourceTree = "<group>";
		};
		6D130C02258FE4480035912C /* Views */ = {
			isa = PBXGroup;
			children = (
				6D55EB362545BC6100C1D2CE /* Main.storyboard */,
			);
			path = Views;
			sourceTree = "<group>";
		};
		6D55EB242545BC6100C1D2CE = {
			isa = PBXGroup;
			children = (
				6D55EB2F2545BC6100C1D2CE /* EmojiReader */,
				6D55EB2E2545BC6100C1D2CE /* Products */,
			);
			sourceTree = "<group>";
		};
		6D55EB2E2545BC6100C1D2CE /* Products */ = {
			isa = PBXGroup;
			children = (
				6D55EB2D2545BC6100C1D2CE /* EmojiReader.app */,
			);
			name = Products;
			sourceTree = "<group>";
		};
		6D55EB2F2545BC6100C1D2CE /* EmojiReader */ = {
			isa = PBXGroup;
			children = (
				6D55EB302545BC6100C1D2CE /* AppDelegate.swift */,
				6D55EB322545BC6100C1D2CE /* SceneDelegate.swift */,
				6D55EB392545BC6200C1D2CE /* Assets.xcassets */,
				6D55EB3B2545BC6200C1D2CE /* LaunchScreen.storyboard */,
				6D55EB3E2545BC6200C1D2CE /* Info.plist */,
				6D130BFE258FE3EF0035912C /* Model */,
				6D130C02258FE4480035912C /* Views */,
				6D130C00258FE4380035912C /* Controllers */,
			);
			path = EmojiReader;
			sourceTree = "<group>";
		};
/* End PBXGroup section */

/* Begin PBXNativeTarget section */
		6D55EB2C2545BC6100C1D2CE /* EmojiReader */ = {
			isa = PBXNativeTarget;
			buildConfigurationList = 6D55EB412545BC6200C1D2CE /* Build configuration list for PBXNativeTarget "EmojiReader" */;
			buildPhases = (
				6D55EB292545BC6100C1D2CE /* Sources */,
				6D55EB2A2545BC6100C1D2CE /* Frameworks */,
				6D55EB2B2545BC6100C1D2CE /* Resources */,
			);
			buildRules = (
			);
			dependencies = (
			);
			name = EmojiReader;
			productName = EmojiReader;
			productReference = 6D55EB2D2545BC6100C1D2CE /* EmojiReader.app */;
			productType = "com.apple.product-type.application";
		};
/* End PBXNativeTarget section */

/* Begin PBXProject section */
		6D55EB252545BC6100C1D2CE /* Project object */ = {
			isa = PBXProject;
			attributes = {
				LastSwiftUpdateCheck = 1160;
				LastUpgradeCheck = 1160;
				ORGANIZATIONNAME = Edgar;
				TargetAttributes = {
					6D55EB2C2545BC6100C1D2CE = {
						CreatedOnToolsVersion = 11.6;
					};
				};
			};
			buildConfigurationList = 6D55EB282545BC6100C1D2CE /* Build configuration list for PBXProject "EmojiReader" */;
			compatibilityVersion = "Xcode 9.3";
			developmentRegion = en;
			hasScannedForEncodings = 0;
			knownRegions = (
				en,
				Base,
			);
			mainGroup = 6D55EB242545BC6100C1D2CE;
			productRefGroup = 6D55EB2E2545BC6100C1D2CE /* Products */;
			projectDirPath = "";
			projectRoot = "";
			targets = (
				6D55EB2C2545BC6100C1D2CE /* EmojiReader */,
			);
		};
/* End PBXProject section */

/* Begin PBXResourcesBuildPhase section */
		6D55EB2B2545BC6100C1D2CE /* Resources */ = {
			isa = PBXResourcesBuildPhase;
			buildActionMask = 2147483647;
			files = (
				6D55EB3D2545BC6200C1D2CE /* LaunchScreen.storyboard in Resources */,
				6D55EB3A2545BC6200C1D2CE /* Assets.xcassets in Resources */,
				6D55EB382545BC6100C1D2CE /* Main.storyboard in Resources */,
			);
			runOnlyForDeploymentPostprocessing = 0;
		};
/* End PBXResourcesBuildPhase section */

/* Begin PBXSourcesBuildPhase section */
		6D55EB292545BC6100C1D2CE /* Sources */ = {
			isa = PBXSourcesBuildPhase;
			buildActionMask = 2147483647;
			files = (
				6D55EB312545BC6100C1D2CE /* AppDelegate.swift in Sources */,
				6D449A9225800E0B004CD6E8 /* NewEmojiTableViewController.swift in Sources */,
				6D55EB452545BD4000C1D2CE /* EmojiTableViewController.swift in Sources */,
				6D55EB472545C78000C1D2CE /* EmojiTableViewCell.swift in Sources */,
				6DD9A40E25769AC600BAC536 /* EmojiModel.swift in Sources */,
				6D55EB332545BC6100C1D2CE /* SceneDelegate.swift in Sources */,
			);
			runOnlyForDeploymentPostprocessing = 0;
		};
/* End PBXSourcesBuildPhase section */

/* Begin PBXVariantGroup section */
		6D55EB362545BC6100C1D2CE /* Main.storyboard */ = {
			isa = PBXVariantGroup;
			children = (
				6D55EB372545BC6100C1D2CE /* Base */,
			);
			name = Main.storyboard;
			sourceTree = "<group>";
		};
		6D55EB3B2545BC6200C1D2CE /* LaunchScreen.storyboard */ = {
			isa = PBXVariantGroup;
			children = (
				6D55EB3C2545BC6200C1D2CE /* Base */,
			);
			name = LaunchScreen.storyboard;
			sourceTree = "<group>";
		};
/* End PBXVariantGroup section */

/* Begin XCBuildConfiguration section */
		6D55EB3F2545BC6200C1D2CE /* Debug */ = {
			isa = XCBuildConfiguration;
			buildSettings = {
				ALWAYS_SEARCH_USER_PATHS = NO;
				CLANG_ANALYZER_NONNULL = YES;
				CLANG_ANALYZER_NUMBER_OBJECT_CONVERSION = YES_AGGRESSIVE;
				CLANG_CXX_LANGUAGE_STANDARD = "gnu++14";
				CLANG_CXX_LIBRARY = "libc++";
				CLANG_ENABLE_MODULES = YES;
				CLANG_ENABLE_OBJC_ARC = YES;
				CLANG_ENABLE_OBJC_WEAK = YES;
				CLANG_WARN_BLOCK_CAPTURE_AUTORELEASING = YES;
				CLANG_WARN_BOOL_CONVERSION = YES;
				CLANG_WARN_COMMA = YES;
				CLANG_WARN_CONSTANT_CONVERSION = YES;
				CLANG_WARN_DEPRECATED_OBJC_IMPLEMENTATIONS = YES;
				CLANG_WARN_DIRECT_OBJC_ISA_USAGE = YES_ERROR;
				CLANG_WARN_DOCUMENTATION_COMMENTS = YES;
				CLANG_WARN_EMPTY_BODY = YES;
				CLANG_WARN_ENUM_CONVERSION = YES;
				CLANG_WARN_INFINITE_RECURSION = YES;
				CLANG_WARN_INT_CONVERSION = YES;
				CLANG_WARN_NON_LITERAL_NULL_CONVERSION = YES;
				CLANG_WARN_OBJC_IMPLICIT_RETAIN_SELF = YES;
				CLANG_WARN_OBJC_LITERAL_CONVERSION = YES;
				CLANG_WARN_OBJC_ROOT_CLASS = YES_ERROR;
				CLANG_WARN_RANGE_LOOP_ANALYSIS = YES;
				CLANG_WARN_STRICT_PROTOTYPES = YES;
				CLANG_WARN_SUSPICIOUS_MOVE = YES;
				CLANG_WARN_UNGUARDED_AVAILABILITY = YES_AGGRESSIVE;
				CLANG_WARN_UNREACHABLE_CODE = YES;
				CLANG_WARN__DUPLICATE_METHOD_MATCH = YES;
				COPY_PHASE_STRIP = NO;
				DEBUG_INFORMATION_FORMAT = dwarf;
				ENABLE_STRICT_OBJC_MSGSEND = YES;
				ENABLE_TESTABILITY = YES;
				GCC_C_LANGUAGE_STANDARD = gnu11;
				GCC_DYNAMIC_NO_PIC = NO;
				GCC_NO_COMMON_BLOCKS = YES;
				GCC_OPTIMIZATION_LEVEL = 0;
				GCC_PREPROCESSOR_DEFINITIONS = (
					"DEBUG=1",
					"$(inherited)",
				);
				GCC_WARN_64_TO_32_BIT_CONVERSION = YES;
				GCC_WARN_ABOUT_RETURN_TYPE = YES_ERROR;
				GCC_WARN_UNDECLARED_SELECTOR = YES;
				GCC_WARN_UNINITIALIZED_AUTOS = YES_AGGRESSIVE;
				GCC_WARN_UNUSED_FUNCTION = YES;
				GCC_WARN_UNUSED_VARIABLE = YES;
				IPHONEOS_DEPLOYMENT_TARGET = 13.6;
				MTL_ENABLE_DEBUG_INFO = INCLUDE_SOURCE;
				MTL_FAST_MATH = YES;
				ONLY_ACTIVE_ARCH = YES;
				SDKROOT = iphoneos;
				SWIFT_ACTIVE_COMPILATION_CONDITIONS = DEBUG;
				SWIFT_OPTIMIZATION_LEVEL = "-Onone";
			};
			name = Debug;
		};
		6D55EB402545BC6200C1D2CE /* Release */ = {
			isa = XCBuildConfiguration;
			buildSettings = {
				ALWAYS_SEARCH_USER_PATHS = NO;
				CLANG_ANALYZER_NONNULL = YES;
				CLANG_ANALYZER_NUMBER_OBJECT_CONVERSION = YES_AGGRESSIVE;
				CLANG_CXX_LANGUAGE_STANDARD = "gnu++14";
				CLANG_CXX_LIBRARY = "libc++";
				CLANG_ENABLE_MODULES = YES;
				CLANG_ENABLE_OBJC_ARC = YES;
				CLANG_ENABLE_OBJC_WEAK = YES;
				CLANG_WARN_BLOCK_CAPTURE_AUTORELEASING = YES;
				CLANG_WARN_BOOL_CONVERSION = YES;
				CLANG_WARN_COMMA = YES;
				CLANG_WARN_CONSTANT_CONVERSION = YES;
				CLANG_WARN_DEPRECATED_OBJC_IMPLEMENTATIONS = YES;
				CLANG_WARN_DIRECT_OBJC_ISA_USAGE = YES_ERROR;
				CLANG_WARN_DOCUMENTATION_COMMENTS = YES;
				CLANG_WARN_EMPTY_BODY = YES;
				CLANG_WARN_ENUM_CONVERSION = YES;
				CLANG_WARN_INFINITE_RECURSION = YES;
				CLANG_WARN_INT_CONVERSION = YES;
				CLANG_WARN_NON_LITERAL_NULL_CONVERSION = YES;
				CLANG_WARN_OBJC_IMPLICIT_RETAIN_SELF = YES;
				CLANG_WARN_OBJC_LITERAL_CONVERSION = YES;
				CLANG_WARN_OBJC_ROOT_CLASS = YES_ERROR;
				CLANG_WARN_RANGE_LOOP_ANALYSIS = YES;
				CLANG_WARN_STRICT_PROTOTYPES = YES;
				CLANG_WARN_SUSPICIOUS_MOVE = YES;
				CLANG_WARN_UNGUARDED_AVAILABILITY = YES_AGGRESSIVE;
				CLANG_WARN_UNREACHABLE_CODE = YES;
				CLANG_WARN__DUPLICATE_METHOD_MATCH = YES;
				COPY_PHASE_STRIP = NO;
				DEBUG_INFORMATION_FORMAT = "dwarf-with-dsym";
				ENABLE_NS_ASSERTIONS = NO;
				ENABLE_STRICT_OBJC_MSGSEND = YES;
				GCC_C_LANGUAGE_STANDARD = gnu11;
				GCC_NO_COMMON_BLOCKS = YES;
				GCC_WARN_64_TO_32_BIT_CONVERSION = YES;
				GCC_WARN_ABOUT_RETURN_TYPE = YES_ERROR;
				GCC_WARN_UNDECLARED_SELECTOR = YES;
				GCC_WARN_UNINITIALIZED_AUTOS = YES_AGGRESSIVE;
				GCC_WARN_UNUSED_FUNCTION = YES;
				GCC_WARN_UNUSED_VARIABLE = YES;
				IPHONEOS_DEPLOYMENT_TARGET = 13.6;
				MTL_ENABLE_DEBUG_INFO = NO;
				MTL_FAST_MATH = YES;
				SDKROOT = iphoneos;
				SWIFT_COMPILATION_MODE = wholemodule;
				SWIFT_OPTIMIZATION_LEVEL = "-O";
				VALIDATE_PRODUCT = YES;
			};
			name = Release;
		};
		6D55EB422545BC6200C1D2CE /* Debug */ = {
			isa = XCBuildConfiguration;
			buildSettings = {
				ASSETCATALOG_COMPILER_APPICON_NAME = AppIcon;
				CODE_SIGN_STYLE = Automatic;
				DEVELOPMENT_TEAM = QD77427QCY;
				INFOPLIST_FILE = EmojiReader/Info.plist;
				LD_RUNPATH_SEARCH_PATHS = (
					"$(inherited)",
					"@executable_path/Frameworks",
				);
				PRODUCT_BUNDLE_IDENTIFIER = com.edgarh.EmojiReader;
				PRODUCT_NAME = "$(TARGET_NAME)";
				SWIFT_VERSION = 5.0;
				TARGETED_DEVICE_FAMILY = "1,2";
			};
			name = Debug;
		};
		6D55EB432545BC6200C1D2CE /* Release */ = {
			isa = XCBuildConfiguration;
			buildSettings = {
				ASSETCATALOG_COMPILER_APPICON_NAME = AppIcon;
				CODE_SIGN_STYLE = Automatic;
				DEVELOPMENT_TEAM = QD77427QCY;
				INFOPLIST_FILE = EmojiReader/Info.plist;
				LD_RUNPATH_SEARCH_PATHS = (
					"$(inherited)",
					"@executable_path/Frameworks",
				);
				PRODUCT_BUNDLE_IDENTIFIER = com.edgarh.EmojiReader;
				PRODUCT_NAME = "$(TARGET_NAME)";
				SWIFT_VERSION = 5.0;
				TARGETED_DEVICE_FAMILY = "1,2";
			};
			name = Release;
		};
/* End XCBuildConfiguration section */

/* Begin XCConfigurationList section */
		6D55EB282545BC6100C1D2CE /* Build configuration list for PBXProject "EmojiReader" */ = {
			isa = XCConfigurationList;
			buildConfigurations = (
				6D55EB3F2545BC6200C1D2CE /* Debug */,
				6D55EB402545BC6200C1D2CE /* Release */,
			);
			defaultConfigurationIsVisible = 0;
			defaultConfigurationName = Release;
		};
		6D55EB412545BC6200C1D2CE /* Build configuration list for PBXNativeTarget "EmojiReader" */ = {
			isa = XCConfigurationList;
			buildConfigurations = (
				6D55EB422545BC6200C1D2CE /* Debug */,
				6D55EB432545BC6200C1D2CE /* Release */,
			);
			defaultConfigurationIsVisible = 0;
			defaultConfigurationName = Release;
		};
/* End XCConfigurationList section */
	};
	rootObject = 6D55EB252545BC6100C1D2CE /* Project object */;
}
