// !$*UTF8*$!
{
	archiveVersion = 1;
	classes = {
	};
	objectVersion = 50;
	objects = {

/* Begin PBXBuildFile section */
		6DB4F3092474708C008419C6 /* AppDelegate.swift in Sources */ = {isa = PBXBuildFile; fileRef = 6DB4F3082474708C008419C6 /* AppDelegate.swift */; };
		6DB4F30B2474708C008419C6 /* SceneDelegate.swift in Sources */ = {isa = PBXBuildFile; fileRef = 6DB4F30A2474708C008419C6 /* SceneDelegate.swift */; };
		6DB4F30D2474708C008419C6 /* ViewController.swift in Sources */ = {isa = PBXBuildFile; fileRef = 6DB4F30C2474708C008419C6 /* ViewController.swift */; };
		6DB4F3102474708C008419C6 /* Main.storyboard in Resources */ = {isa = PBXBuildFile; fileRef = 6DB4F30E2474708C008419C6 /* Main.storyboard */; };
		6DB4F3122474708D008419C6 /* Assets.xcassets in Resources */ = {isa = PBXBuildFile; fileRef = 6DB4F3112474708D008419C6 /* Assets.xcassets */; };
		6DB4F3152474708D008419C6 /* LaunchScreen.storyboard in Resources */ = {isa = PBXBuildFile; fileRef = 6DB4F3132474708D008419C6 /* LaunchScreen.storyboard */; };
		6DB4F3202474708D008419C6 /* Dice_GameTests.swift in Sources */ = {isa = PBXBuildFile; fileRef = 6DB4F31F2474708D008419C6 /* Dice_GameTests.swift */; };
		6DB4F32B2474708D008419C6 /* Dice_GameUITests.swift in Sources */ = {isa = PBXBuildFile; fileRef = 6DB4F32A2474708D008419C6 /* Dice_GameUITests.swift */; };
/* End PBXBuildFile section */

/* Begin PBXContainerItemProxy section */
		6DB4F31C2474708D008419C6 /* PBXContainerItemProxy */ = {
			isa = PBXContainerItemProxy;
			containerPortal = 6DB4F2FD2474708C008419C6 /* Project object */;
			proxyType = 1;
			remoteGlobalIDString = 6DB4F3042474708C008419C6;
			remoteInfo = "Dice Game";
		};
		6DB4F3272474708D008419C6 /* PBXContainerItemProxy */ = {
			isa = PBXContainerItemProxy;
			containerPortal = 6DB4F2FD2474708C008419C6 /* Project object */;
			proxyType = 1;
			remoteGlobalIDString = 6DB4F3042474708C008419C6;
			remoteInfo = "Dice Game";
		};
/* End PBXContainerItemProxy section */

/* Begin PBXFileReference section */
		6DB4F3052474708C008419C6 /* Dice Game.app */ = {isa = PBXFileReference; explicitFileType = wrapper.application; includeInIndex = 0; path = "Dice Game.app"; sourceTree = BUILT_PRODUCTS_DIR; };
		6DB4F3082474708C008419C6 /* AppDelegate.swift */ = {isa = PBXFileReference; lastKnownFileType = sourcecode.swift; path = AppDelegate.swift; sourceTree = "<group>"; };
		6DB4F30A2474708C008419C6 /* SceneDelegate.swift */ = {isa = PBXFileReference; lastKnownFileType = sourcecode.swift; path = SceneDelegate.swift; sourceTree = "<group>"; };
		6DB4F30C2474708C008419C6 /* ViewController.swift */ = {isa = PBXFileReference; lastKnownFileType = sourcecode.swift; path = ViewController.swift; sourceTree = "<group>"; };
		6DB4F30F2474708C008419C6 /* Base */ = {isa = PBXFileReference; lastKnownFileType = file.storyboard; name = Base; path = Base.lproj/Main.storyboard; sourceTree = "<group>"; };
		6DB4F3112474708D008419C6 /* Assets.xcassets */ = {isa = PBXFileReference; lastKnownFileType = folder.assetcatalog; path = Assets.xcassets; sourceTree = "<group>"; };
		6DB4F3142474708D008419C6 /* Base */ = {isa = PBXFileReference; lastKnownFileType = file.storyboard; name = Base; path = Base.lproj/LaunchScreen.storyboard; sourceTree = "<group>"; };
		6DB4F3162474708D008419C6 /* Info.plist */ = {isa = PBXFileReference; lastKnownFileType = text.plist.xml; path = Info.plist; sourceTree = "<group>"; };
		6DB4F31B2474708D008419C6 /* Dice GameTests.xctest */ = {isa = PBXFileReference; explicitFileType = wrapper.cfbundle; includeInIndex = 0; path = "Dice GameTests.xctest"; sourceTree = BUILT_PRODUCTS_DIR; };
		6DB4F31F2474708D008419C6 /* Dice_GameTests.swift */ = {isa = PBXFileReference; lastKnownFileType = sourcecode.swift; path = Dice_GameTests.swift; sourceTree = "<group>"; };
		6DB4F3212474708D008419C6 /* Info.plist */ = {isa = PBXFileReference; lastKnownFileType = text.plist.xml; path = Info.plist; sourceTree = "<group>"; };
		6DB4F3262474708D008419C6 /* Dice GameUITests.xctest */ = {isa = PBXFileReference; explicitFileType = wrapper.cfbundle; includeInIndex = 0; path = "Dice GameUITests.xctest"; sourceTree = BUILT_PRODUCTS_DIR; };
		6DB4F32A2474708D008419C6 /* Dice_GameUITests.swift */ = {isa = PBXFileReference; lastKnownFileType = sourcecode.swift; path = Dice_GameUITests.swift; sourceTree = "<group>"; };
		6DB4F32C2474708D008419C6 /* Info.plist */ = {isa = PBXFileReference; lastKnownFileType = text.plist.xml; path = Info.plist; sourceTree = "<group>"; };
/* End PBXFileReference section */

/* Begin PBXFrameworksBuildPhase section */
		6DB4F3022474708C008419C6 /* Frameworks */ = {
			isa = PBXFrameworksBuildPhase;
			buildActionMask = 2147483647;
			files = (
			);
			runOnlyForDeploymentPostprocessing = 0;
		};
		6DB4F3182474708D008419C6 /* Frameworks */ = {
			isa = PBXFrameworksBuildPhase;
			buildActionMask = 2147483647;
			files = (
			);
			runOnlyForDeploymentPostprocessing = 0;
		};
		6DB4F3232474708D008419C6 /* Frameworks */ = {
			isa = PBXFrameworksBuildPhase;
			buildActionMask = 2147483647;
			files = (
			);
			runOnlyForDeploymentPostprocessing = 0;
		};
/* End PBXFrameworksBuildPhase section */

/* Begin PBXGroup section */
		6DB4F2FC2474708C008419C6 = {
			isa = PBXGroup;
			children = (
				6DB4F3072474708C008419C6 /* Dice Game */,
				6DB4F31E2474708D008419C6 /* Dice GameTests */,
				6DB4F3292474708D008419C6 /* Dice GameUITests */,
				6DB4F3062474708C008419C6 /* Products */,
			);
			sourceTree = "<group>";
		};
		6DB4F3062474708C008419C6 /* Products */ = {
			isa = PBXGroup;
			children = (
				6DB4F3052474708C008419C6 /* Dice Game.app */,
				6DB4F31B2474708D008419C6 /* Dice GameTests.xctest */,
				6DB4F3262474708D008419C6 /* Dice GameUITests.xctest */,
			);
			name = Products;
			sourceTree = "<group>";
		};
		6DB4F3072474708C008419C6 /* Dice Game */ = {
			isa = PBXGroup;
			children = (
				6DB4F3082474708C008419C6 /* AppDelegate.swift */,
				6DB4F30A2474708C008419C6 /* SceneDelegate.swift */,
				6DB4F30C2474708C008419C6 /* ViewController.swift */,
				6DB4F30E2474708C008419C6 /* Main.storyboard */,
				6DB4F3112474708D008419C6 /* Assets.xcassets */,
				6DB4F3132474708D008419C6 /* LaunchScreen.storyboard */,
				6DB4F3162474708D008419C6 /* Info.plist */,
			);
			path = "Dice Game";
			sourceTree = "<group>";
		};
		6DB4F31E2474708D008419C6 /* Dice GameTests */ = {
			isa = PBXGroup;
			children = (
				6DB4F31F2474708D008419C6 /* Dice_GameTests.swift */,
				6DB4F3212474708D008419C6 /* Info.plist */,
			);
			path = "Dice GameTests";
			sourceTree = "<group>";
		};
		6DB4F3292474708D008419C6 /* Dice GameUITests */ = {
			isa = PBXGroup;
			children = (
				6DB4F32A2474708D008419C6 /* Dice_GameUITests.swift */,
				6DB4F32C2474708D008419C6 /* Info.plist */,
			);
			path = "Dice GameUITests";
			sourceTree = "<group>";
		};
/* End PBXGroup section */

/* Begin PBXNativeTarget section */
		6DB4F3042474708C008419C6 /* Dice Game */ = {
			isa = PBXNativeTarget;
			buildConfigurationList = 6DB4F32F2474708D008419C6 /* Build configuration list for PBXNativeTarget "Dice Game" */;
			buildPhases = (
				6DB4F3012474708C008419C6 /* Sources */,
				6DB4F3022474708C008419C6 /* Frameworks */,
				6DB4F3032474708C008419C6 /* Resources */,
			);
			buildRules = (
			);
			dependencies = (
			);
			name = "Dice Game";
			productName = "Dice Game";
			productReference = 6DB4F3052474708C008419C6 /* Dice Game.app */;
			productType = "com.apple.product-type.application";
		};
		6DB4F31A2474708D008419C6 /* Dice GameTests */ = {
			isa = PBXNativeTarget;
			buildConfigurationList = 6DB4F3322474708D008419C6 /* Build configuration list for PBXNativeTarget "Dice GameTests" */;
			buildPhases = (
				6DB4F3172474708D008419C6 /* Sources */,
				6DB4F3182474708D008419C6 /* Frameworks */,
				6DB4F3192474708D008419C6 /* Resources */,
			);
			buildRules = (
			);
			dependencies = (
				6DB4F31D2474708D008419C6 /* PBXTargetDependency */,
			);
			name = "Dice GameTests";
			productName = "Dice GameTests";
			productReference = 6DB4F31B2474708D008419C6 /* Dice GameTests.xctest */;
			productType = "com.apple.product-type.bundle.unit-test";
		};
		6DB4F3252474708D008419C6 /* Dice GameUITests */ = {
			isa = PBXNativeTarget;
			buildConfigurationList = 6DB4F3352474708D008419C6 /* Build configuration list for PBXNativeTarget "Dice GameUITests" */;
			buildPhases = (
				6DB4F3222474708D008419C6 /* Sources */,
				6DB4F3232474708D008419C6 /* Frameworks */,
				6DB4F3242474708D008419C6 /* Resources */,
			);
			buildRules = (
			);
			dependencies = (
				6DB4F3282474708D008419C6 /* PBXTargetDependency */,
			);
			name = "Dice GameUITests";
			productName = "Dice GameUITests";
			productReference = 6DB4F3262474708D008419C6 /* Dice GameUITests.xctest */;
			productType = "com.apple.product-type.bundle.ui-testing";
		};
/* End PBXNativeTarget section */

/* Begin PBXProject section */
		6DB4F2FD2474708C008419C6 /* Project object */ = {
			isa = PBXProject;
			attributes = {
				LastSwiftUpdateCheck = 1140;
				LastUpgradeCheck = 1140;
				ORGANIZATIONNAME = Edgar;
				TargetAttributes = {
					6DB4F3042474708C008419C6 = {
						CreatedOnToolsVersion = 11.4.1;
					};
					6DB4F31A2474708D008419C6 = {
						CreatedOnToolsVersion = 11.4.1;
						TestTargetID = 6DB4F3042474708C008419C6;
					};
					6DB4F3252474708D008419C6 = {
						CreatedOnToolsVersion = 11.4.1;
						TestTargetID = 6DB4F3042474708C008419C6;
					};
				};
			};
			buildConfigurationList = 6DB4F3002474708C008419C6 /* Build configuration list for PBXProject "Dice Game" */;
			compatibilityVersion = "Xcode 9.3";
			developmentRegion = en;
			hasScannedForEncodings = 0;
			knownRegions = (
				en,
				Base,
			);
			mainGroup = 6DB4F2FC2474708C008419C6;
			productRefGroup = 6DB4F3062474708C008419C6 /* Products */;
			projectDirPath = "";
			projectRoot = "";
			targets = (
				6DB4F3042474708C008419C6 /* Dice Game */,
				6DB4F31A2474708D008419C6 /* Dice GameTests */,
				6DB4F3252474708D008419C6 /* Dice GameUITests */,
			);
		};
/* End PBXProject section */

/* Begin PBXResourcesBuildPhase section */
		6DB4F3032474708C008419C6 /* Resources */ = {
			isa = PBXResourcesBuildPhase;
			buildActionMask = 2147483647;
			files = (
				6DB4F3152474708D008419C6 /* LaunchScreen.storyboard in Resources */,
				6DB4F3122474708D008419C6 /* Assets.xcassets in Resources */,
				6DB4F3102474708C008419C6 /* Main.storyboard in Resources */,
			);
			runOnlyForDeploymentPostprocessing = 0;
		};
		6DB4F3192474708D008419C6 /* Resources */ = {
			isa = PBXResourcesBuildPhase;
			buildActionMask = 2147483647;
			files = (
			);
			runOnlyForDeploymentPostprocessing = 0;
		};
		6DB4F3242474708D008419C6 /* Resources */ = {
			isa = PBXResourcesBuildPhase;
			buildActionMask = 2147483647;
			files = (
			);
			runOnlyForDeploymentPostprocessing = 0;
		};
/* End PBXResourcesBuildPhase section */

/* Begin PBXSourcesBuildPhase section */
		6DB4F3012474708C008419C6 /* Sources */ = {
			isa = PBXSourcesBuildPhase;
			buildActionMask = 2147483647;
			files = (
				6DB4F30D2474708C008419C6 /* ViewController.swift in Sources */,
				6DB4F3092474708C008419C6 /* AppDelegate.swift in Sources */,
				6DB4F30B2474708C008419C6 /* SceneDelegate.swift in Sources */,
			);
			runOnlyForDeploymentPostprocessing = 0;
		};
		6DB4F3172474708D008419C6 /* Sources */ = {
			isa = PBXSourcesBuildPhase;
			buildActionMask = 2147483647;
			files = (
				6DB4F3202474708D008419C6 /* Dice_GameTests.swift in Sources */,
			);
			runOnlyForDeploymentPostprocessing = 0;
		};
		6DB4F3222474708D008419C6 /* Sources */ = {
			isa = PBXSourcesBuildPhase;
			buildActionMask = 2147483647;
			files = (
				6DB4F32B2474708D008419C6 /* Dice_GameUITests.swift in Sources */,
			);
			runOnlyForDeploymentPostprocessing = 0;
		};
/* End PBXSourcesBuildPhase section */

/* Begin PBXTargetDependency section */
		6DB4F31D2474708D008419C6 /* PBXTargetDependency */ = {
			isa = PBXTargetDependency;
			target = 6DB4F3042474708C008419C6 /* Dice Game */;
			targetProxy = 6DB4F31C2474708D008419C6 /* PBXContainerItemProxy */;
		};
		6DB4F3282474708D008419C6 /* PBXTargetDependency */ = {
			isa = PBXTargetDependency;
			target = 6DB4F3042474708C008419C6 /* Dice Game */;
			targetProxy = 6DB4F3272474708D008419C6 /* PBXContainerItemProxy */;
		};
/* End PBXTargetDependency section */

/* Begin PBXVariantGroup section */
		6DB4F30E2474708C008419C6 /* Main.storyboard */ = {
			isa = PBXVariantGroup;
			children = (
				6DB4F30F2474708C008419C6 /* Base */,
			);
			name = Main.storyboard;
			sourceTree = "<group>";
		};
		6DB4F3132474708D008419C6 /* LaunchScreen.storyboard */ = {
			isa = PBXVariantGroup;
			children = (
				6DB4F3142474708D008419C6 /* Base */,
			);
			name = LaunchScreen.storyboard;
			sourceTree = "<group>";
		};
/* End PBXVariantGroup section */

/* Begin XCBuildConfiguration section */
		6DB4F32D2474708D008419C6 /* Debug */ = {
			isa = XCBuildConfiguration;
			buildSettings = {
				ALWAYS_SEARCH_USER_PATHS = NO;
				CLANG_ANALYZER_NONNULL = YES;
				CLANG_ANALYZER_NUMBER_OBJECT_CONVERSION = YES_AGGRESSIVE;
				CLANG_CXX_LANGUAGE_STANDARD = "gnu++14";
				CLANG_CXX_LIBRARY = "libc++";
				CLANG_ENABLE_MODULES = YES;
				CLANG_ENABLE_OBJC_ARC = YES;
				CLANG_ENABLE_OBJC_WEAK = YES;
				CLANG_WARN_BLOCK_CAPTURE_AUTORELEASING = YES;
				CLANG_WARN_BOOL_CONVERSION = YES;
				CLANG_WARN_COMMA = YES;
				CLANG_WARN_CONSTANT_CONVERSION = YES;
				CLANG_WARN_DEPRECATED_OBJC_IMPLEMENTATIONS = YES;
				CLANG_WARN_DIRECT_OBJC_ISA_USAGE = YES_ERROR;
				CLANG_WARN_DOCUMENTATION_COMMENTS = YES;
				CLANG_WARN_EMPTY_BODY = YES;
				CLANG_WARN_ENUM_CONVERSION = YES;
				CLANG_WARN_INFINITE_RECURSION = YES;
				CLANG_WARN_INT_CONVERSION = YES;
				CLANG_WARN_NON_LITERAL_NULL_CONVERSION = YES;
				CLANG_WARN_OBJC_IMPLICIT_RETAIN_SELF = YES;
				CLANG_WARN_OBJC_LITERAL_CONVERSION = YES;
				CLANG_WARN_OBJC_ROOT_CLASS = YES_ERROR;
				CLANG_WARN_RANGE_LOOP_ANALYSIS = YES;
				CLANG_WARN_STRICT_PROTOTYPES = YES;
				CLANG_WARN_SUSPICIOUS_MOVE = YES;
				CLANG_WARN_UNGUARDED_AVAILABILITY = YES_AGGRESSIVE;
				CLANG_WARN_UNREACHABLE_CODE = YES;
				CLANG_WARN__DUPLICATE_METHOD_MATCH = YES;
				COPY_PHASE_STRIP = NO;
				DEBUG_INFORMATION_FORMAT = dwarf;
				ENABLE_STRICT_OBJC_MSGSEND = YES;
				ENABLE_TESTABILITY = YES;
				GCC_C_LANGUAGE_STANDARD = gnu11;
				GCC_DYNAMIC_NO_PIC = NO;
				GCC_NO_COMMON_BLOCKS = YES;
				GCC_OPTIMIZATION_LEVEL = 0;
				GCC_PREPROCESSOR_DEFINITIONS = (
					"DEBUG=1",
					"$(inherited)",
				);
				GCC_WARN_64_TO_32_BIT_CONVERSION = YES;
				GCC_WARN_ABOUT_RETURN_TYPE = YES_ERROR;
				GCC_WARN_UNDECLARED_SELECTOR = YES;
				GCC_WARN_UNINITIALIZED_AUTOS = YES_AGGRESSIVE;
				GCC_WARN_UNUSED_FUNCTION = YES;
				GCC_WARN_UNUSED_VARIABLE = YES;
				IPHONEOS_DEPLOYMENT_TARGET = 13.4;
				MTL_ENABLE_DEBUG_INFO = INCLUDE_SOURCE;
				MTL_FAST_MATH = YES;
				ONLY_ACTIVE_ARCH = YES;
				SDKROOT = iphoneos;
				SWIFT_ACTIVE_COMPILATION_CONDITIONS = DEBUG;
				SWIFT_OPTIMIZATION_LEVEL = "-Onone";
			};
			name = Debug;
		};
		6DB4F32E2474708D008419C6 /* Release */ = {
			isa = XCBuildConfiguration;
			buildSettings = {
				ALWAYS_SEARCH_USER_PATHS = NO;
				CLANG_ANALYZER_NONNULL = YES;
				CLANG_ANALYZER_NUMBER_OBJECT_CONVERSION = YES_AGGRESSIVE;
				CLANG_CXX_LANGUAGE_STANDARD = "gnu++14";
				CLANG_CXX_LIBRARY = "libc++";
				CLANG_ENABLE_MODULES = YES;
				CLANG_ENABLE_OBJC_ARC = YES;
				CLANG_ENABLE_OBJC_WEAK = YES;
				CLANG_WARN_BLOCK_CAPTURE_AUTORELEASING = YES;
				CLANG_WARN_BOOL_CONVERSION = YES;
				CLANG_WARN_COMMA = YES;
				CLANG_WARN_CONSTANT_CONVERSION = YES;
				CLANG_WARN_DEPRECATED_OBJC_IMPLEMENTATIONS = YES;
				CLANG_WARN_DIRECT_OBJC_ISA_USAGE = YES_ERROR;
				CLANG_WARN_DOCUMENTATION_COMMENTS = YES;
				CLANG_WARN_EMPTY_BODY = YES;
				CLANG_WARN_ENUM_CONVERSION = YES;
				CLANG_WARN_INFINITE_RECURSION = YES;
				CLANG_WARN_INT_CONVERSION = YES;
				CLANG_WARN_NON_LITERAL_NULL_CONVERSION = YES;
				CLANG_WARN_OBJC_IMPLICIT_RETAIN_SELF = YES;
				CLANG_WARN_OBJC_LITERAL_CONVERSION = YES;
				CLANG_WARN_OBJC_ROOT_CLASS = YES_ERROR;
				CLANG_WARN_RANGE_LOOP_ANALYSIS = YES;
				CLANG_WARN_STRICT_PROTOTYPES = YES;
				CLANG_WARN_SUSPICIOUS_MOVE = YES;
				CLANG_WARN_UNGUARDED_AVAILABILITY = YES_AGGRESSIVE;
				CLANG_WARN_UNREACHABLE_CODE = YES;
				CLANG_WARN__DUPLICATE_METHOD_MATCH = YES;
				COPY_PHASE_STRIP = NO;
				DEBUG_INFORMATION_FORMAT = "dwarf-with-dsym";
				ENABLE_NS_ASSERTIONS = NO;
				ENABLE_STRICT_OBJC_MSGSEND = YES;
				GCC_C_LANGUAGE_STANDARD = gnu11;
				GCC_NO_COMMON_BLOCKS = YES;
				GCC_WARN_64_TO_32_BIT_CONVERSION = YES;
				GCC_WARN_ABOUT_RETURN_TYPE = YES_ERROR;
				GCC_WARN_UNDECLARED_SELECTOR = YES;
				GCC_WARN_UNINITIALIZED_AUTOS = YES_AGGRESSIVE;
				GCC_WARN_UNUSED_FUNCTION = YES;
				GCC_WARN_UNUSED_VARIABLE = YES;
				IPHONEOS_DEPLOYMENT_TARGET = 13.4;
				MTL_ENABLE_DEBUG_INFO = NO;
				MTL_FAST_MATH = YES;
				SDKROOT = iphoneos;
				SWIFT_COMPILATION_MODE = wholemodule;
				SWIFT_OPTIMIZATION_LEVEL = "-O";
				VALIDATE_PRODUCT = YES;
			};
			name = Release;
		};
		6DB4F3302474708D008419C6 /* Debug */ = {
			isa = XCBuildConfiguration;
			buildSettings = {
				ASSETCATALOG_COMPILER_APPICON_NAME = AppIcon;
				CODE_SIGN_STYLE = Automatic;
				DEVELOPMENT_TEAM = QD77427QCY;
				INFOPLIST_FILE = "Dice Game/Info.plist";
				LD_RUNPATH_SEARCH_PATHS = (
					"$(inherited)",
					"@executable_path/Frameworks",
				);
				PRODUCT_BUNDLE_IDENTIFIER = "com.edgarh.Dice-Game";
				PRODUCT_NAME = "$(TARGET_NAME)";
				SWIFT_VERSION = 5.0;
				TARGETED_DEVICE_FAMILY = 1;
			};
			name = Debug;
		};
		6DB4F3312474708D008419C6 /* Release */ = {
			isa = XCBuildConfiguration;
			buildSettings = {
				ASSETCATALOG_COMPILER_APPICON_NAME = AppIcon;
				CODE_SIGN_STYLE = Automatic;
				DEVELOPMENT_TEAM = QD77427QCY;
				INFOPLIST_FILE = "Dice Game/Info.plist";
				LD_RUNPATH_SEARCH_PATHS = (
					"$(inherited)",
					"@executable_path/Frameworks",
				);
				PRODUCT_BUNDLE_IDENTIFIER = "com.edgarh.Dice-Game";
				PRODUCT_NAME = "$(TARGET_NAME)";
				SWIFT_VERSION = 5.0;
				TARGETED_DEVICE_FAMILY = 1;
			};
			name = Release;
		};
		6DB4F3332474708D008419C6 /* Debug */ = {
			isa = XCBuildConfiguration;
			buildSettings = {
				ALWAYS_EMBED_SWIFT_STANDARD_LIBRARIES = YES;
				BUNDLE_LOADER = "$(TEST_HOST)";
				CODE_SIGN_STYLE = Automatic;
				DEVELOPMENT_TEAM = QD77427QCY;
				INFOPLIST_FILE = "Dice GameTests/Info.plist";
				IPHONEOS_DEPLOYMENT_TARGET = 13.4;
				LD_RUNPATH_SEARCH_PATHS = (
					"$(inherited)",
					"@executable_path/Frameworks",
					"@loader_path/Frameworks",
				);
				PRODUCT_BUNDLE_IDENTIFIER = "com.edgarh.Dice-GameTests";
				PRODUCT_NAME = "$(TARGET_NAME)";
				SWIFT_VERSION = 5.0;
				TARGETED_DEVICE_FAMILY = "1,2";
				TEST_HOST = "$(BUILT_PRODUCTS_DIR)/Dice Game.app/Dice Game";
			};
			name = Debug;
		};
		6DB4F3342474708D008419C6 /* Release */ = {
			isa = XCBuildConfiguration;
			buildSettings = {
				ALWAYS_EMBED_SWIFT_STANDARD_LIBRARIES = YES;
				BUNDLE_LOADER = "$(TEST_HOST)";
				CODE_SIGN_STYLE = Automatic;
				DEVELOPMENT_TEAM = QD77427QCY;
				INFOPLIST_FILE = "Dice GameTests/Info.plist";
				IPHONEOS_DEPLOYMENT_TARGET = 13.4;
				LD_RUNPATH_SEARCH_PATHS = (
					"$(inherited)",
					"@executable_path/Frameworks",
					"@loader_path/Frameworks",
				);
				PRODUCT_BUNDLE_IDENTIFIER = "com.edgarh.Dice-GameTests";
				PRODUCT_NAME = "$(TARGET_NAME)";
				SWIFT_VERSION = 5.0;
				TARGETED_DEVICE_FAMILY = "1,2";
				TEST_HOST = "$(BUILT_PRODUCTS_DIR)/Dice Game.app/Dice Game";
			};
			name = Release;
		};
		6DB4F3362474708D008419C6 /* Debug */ = {
			isa = XCBuildConfiguration;
			buildSettings = {
				ALWAYS_EMBED_SWIFT_STANDARD_LIBRARIES = YES;
				CODE_SIGN_STYLE = Automatic;
				DEVELOPMENT_TEAM = QD77427QCY;
				INFOPLIST_FILE = "Dice GameUITests/Info.plist";
				LD_RUNPATH_SEARCH_PATHS = (
					"$(inherited)",
					"@executable_path/Frameworks",
					"@loader_path/Frameworks",
				);
				PRODUCT_BUNDLE_IDENTIFIER = "com.edgarh.Dice-GameUITests";
				PRODUCT_NAME = "$(TARGET_NAME)";
				SWIFT_VERSION = 5.0;
				TARGETED_DEVICE_FAMILY = "1,2";
				TEST_TARGET_NAME = "Dice Game";
			};
			name = Debug;
		};
		6DB4F3372474708D008419C6 /* Release */ = {
			isa = XCBuildConfiguration;
			buildSettings = {
				ALWAYS_EMBED_SWIFT_STANDARD_LIBRARIES = YES;
				CODE_SIGN_STYLE = Automatic;
				DEVELOPMENT_TEAM = QD77427QCY;
				INFOPLIST_FILE = "Dice GameUITests/Info.plist";
				LD_RUNPATH_SEARCH_PATHS = (
					"$(inherited)",
					"@executable_path/Frameworks",
					"@loader_path/Frameworks",
				);
				PRODUCT_BUNDLE_IDENTIFIER = "com.edgarh.Dice-GameUITests";
				PRODUCT_NAME = "$(TARGET_NAME)";
				SWIFT_VERSION = 5.0;
				TARGETED_DEVICE_FAMILY = "1,2";
				TEST_TARGET_NAME = "Dice Game";
			};
			name = Release;
		};
/* End XCBuildConfiguration section */

/* Begin XCConfigurationList section */
		6DB4F3002474708C008419C6 /* Build configuration list for PBXProject "Dice Game" */ = {
			isa = XCConfigurationList;
			buildConfigurations = (
				6DB4F32D2474708D008419C6 /* Debug */,
				6DB4F32E2474708D008419C6 /* Release */,
			);
			defaultConfigurationIsVisible = 0;
			defaultConfigurationName = Release;
		};
		6DB4F32F2474708D008419C6 /* Build configuration list for PBXNativeTarget "Dice Game" */ = {
			isa = XCConfigurationList;
			buildConfigurations = (
				6DB4F3302474708D008419C6 /* Debug */,
				6DB4F3312474708D008419C6 /* Release */,
			);
			defaultConfigurationIsVisible = 0;
			defaultConfigurationName = Release;
		};
		6DB4F3322474708D008419C6 /* Build configuration list for PBXNativeTarget "Dice GameTests" */ = {
			isa = XCConfigurationList;
			buildConfigurations = (
				6DB4F3332474708D008419C6 /* Debug */,
				6DB4F3342474708D008419C6 /* Release */,
			);
			defaultConfigurationIsVisible = 0;
			defaultConfigurationName = Release;
		};
		6DB4F3352474708D008419C6 /* Build configuration list for PBXNativeTarget "Dice GameUITests" */ = {
			isa = XCConfigurationList;
			buildConfigurations = (
				6DB4F3362474708D008419C6 /* Debug */,
				6DB4F3372474708D008419C6 /* Release */,
			);
			defaultConfigurationIsVisible = 0;
			defaultConfigurationName = Release;
		};
/* End XCConfigurationList section */
	};
	rootObject = 6DB4F2FD2474708C008419C6 /* Project object */;
}
