// !$*UTF8*$!
{
	archiveVersion = 1;
	classes = {
	};
	objectVersion = 50;
	objects = {

/* Begin PBXBuildFile section */
		6D314D4724805175002BBA67 /* AppDelegate.swift in Sources */ = {isa = PBXBuildFile; fileRef = 6D314D4624805175002BBA67 /* AppDelegate.swift */; };
		6D314D4924805175002BBA67 /* SceneDelegate.swift in Sources */ = {isa = PBXBuildFile; fileRef = 6D314D4824805175002BBA67 /* SceneDelegate.swift */; };
		6D314D4B24805175002BBA67 /* CalculateViewController.swift in Sources */ = {isa = PBXBuildFile; fileRef = 6D314D4A24805175002BBA67 /* CalculateViewController.swift */; };
		6D314D4E24805175002BBA67 /* Main.storyboard in Resources */ = {isa = PBXBuildFile; fileRef = 6D314D4C24805175002BBA67 /* Main.storyboard */; };
		6D314D5024805176002BBA67 /* Assets.xcassets in Resources */ = {isa = PBXBuildFile; fileRef = 6D314D4F24805176002BBA67 /* Assets.xcassets */; };
		6D314D5324805176002BBA67 /* LaunchScreen.storyboard in Resources */ = {isa = PBXBuildFile; fileRef = 6D314D5124805176002BBA67 /* LaunchScreen.storyboard */; };
		6D4C1E582482FAEA0058CF7A /* ResultViewController.swift in Sources */ = {isa = PBXBuildFile; fileRef = 6D4C1E572482FAEA0058CF7A /* ResultViewController.swift */; };
		6D4C1E5A2483042A0058CF7A /* CalculatorBrain.swift in Sources */ = {isa = PBXBuildFile; fileRef = 6D4C1E592483042A0058CF7A /* CalculatorBrain.swift */; };
		6D4C1E5D248307D10058CF7A /* BMI.swift in Sources */ = {isa = PBXBuildFile; fileRef = 6D4C1E5C248307D10058CF7A /* BMI.swift */; };
/* End PBXBuildFile section */

/* Begin PBXFileReference section */
		6D314D4324805175002BBA67 /* Calculator BMI.app */ = {isa = PBXFileReference; explicitFileType = wrapper.application; includeInIndex = 0; path = "Calculator BMI.app"; sourceTree = BUILT_PRODUCTS_DIR; };
		6D314D4624805175002BBA67 /* AppDelegate.swift */ = {isa = PBXFileReference; lastKnownFileType = sourcecode.swift; path = AppDelegate.swift; sourceTree = "<group>"; };
		6D314D4824805175002BBA67 /* SceneDelegate.swift */ = {isa = PBXFileReference; lastKnownFileType = sourcecode.swift; path = SceneDelegate.swift; sourceTree = "<group>"; };
		6D314D4A24805175002BBA67 /* CalculateViewController.swift */ = {isa = PBXFileReference; lastKnownFileType = sourcecode.swift; path = CalculateViewController.swift; sourceTree = "<group>"; };
		6D314D4D24805175002BBA67 /* Base */ = {isa = PBXFileReference; lastKnownFileType = file.storyboard; name = Base; path = Base.lproj/Main.storyboard; sourceTree = "<group>"; };
		6D314D4F24805176002BBA67 /* Assets.xcassets */ = {isa = PBXFileReference; lastKnownFileType = folder.assetcatalog; path = Assets.xcassets; sourceTree = "<group>"; };
		6D314D5224805176002BBA67 /* Base */ = {isa = PBXFileReference; lastKnownFileType = file.storyboard; name = Base; path = Base.lproj/LaunchScreen.storyboard; sourceTree = "<group>"; };
		6D314D5424805176002BBA67 /* Info.plist */ = {isa = PBXFileReference; lastKnownFileType = text.plist.xml; path = Info.plist; sourceTree = "<group>"; };
		6D4C1E572482FAEA0058CF7A /* ResultViewController.swift */ = {isa = PBXFileReference; lastKnownFileType = sourcecode.swift; path = ResultViewController.swift; sourceTree = "<group>"; };
		6D4C1E592483042A0058CF7A /* CalculatorBrain.swift */ = {isa = PBXFileReference; lastKnownFileType = sourcecode.swift; path = CalculatorBrain.swift; sourceTree = "<group>"; };
		6D4C1E5C248307D10058CF7A /* BMI.swift */ = {isa = PBXFileReference; lastKnownFileType = sourcecode.swift; path = BMI.swift; sourceTree = "<group>"; };
/* End PBXFileReference section */

/* Begin PBXFrameworksBuildPhase section */
		6D314D4024805175002BBA67 /* Frameworks */ = {
			isa = PBXFrameworksBuildPhase;
			buildActionMask = 2147483647;
			files = (
			);
			runOnlyForDeploymentPostprocessing = 0;
		};
/* End PBXFrameworksBuildPhase section */

/* Begin PBXGroup section */
		6D314D3A24805175002BBA67 = {
			isa = PBXGroup;
			children = (
				6D314D4524805175002BBA67 /* Calculator */,
				6D314D4424805175002BBA67 /* Products */,
			);
			sourceTree = "<group>";
		};
		6D314D4424805175002BBA67 /* Products */ = {
			isa = PBXGroup;
			children = (
				6D314D4324805175002BBA67 /* Calculator BMI.app */,
			);
			name = Products;
			sourceTree = "<group>";
		};
		6D314D4524805175002BBA67 /* Calculator */ = {
			isa = PBXGroup;
			children = (
				6D314D4624805175002BBA67 /* AppDelegate.swift */,
				6D314D4824805175002BBA67 /* SceneDelegate.swift */,
				6D4C1E5B2483042F0058CF7A /* Model */,
				6D4C1E5E24830C8E0058CF7A /* View */,
				6D59213D2481B8FF00884B23 /* Controller */,
				6D314D4F24805176002BBA67 /* Assets.xcassets */,
				6D314D5124805176002BBA67 /* LaunchScreen.storyboard */,
				6D314D5424805176002BBA67 /* Info.plist */,
			);
			path = Calculator;
			sourceTree = "<group>";
		};
		6D4C1E5B2483042F0058CF7A /* Model */ = {
			isa = PBXGroup;
			children = (
				6D4C1E592483042A0058CF7A /* CalculatorBrain.swift */,
				6D4C1E5C248307D10058CF7A /* BMI.swift */,
			);
			path = Model;
			sourceTree = "<group>";
		};
		6D4C1E5E24830C8E0058CF7A /* View */ = {
			isa = PBXGroup;
			children = (
				6D314D4C24805175002BBA67 /* Main.storyboard */,
			);
			path = View;
			sourceTree = "<group>";
		};
		6D59213D2481B8FF00884B23 /* Controller */ = {
			isa = PBXGroup;
			children = (
				6D314D4A24805175002BBA67 /* CalculateViewController.swift */,
				6D4C1E572482FAEA0058CF7A /* ResultViewController.swift */,
			);
			path = Controller;
			sourceTree = "<group>";
		};
/* End PBXGroup section */

/* Begin PBXNativeTarget section */
		6D314D4224805175002BBA67 /* Calculator BMI */ = {
			isa = PBXNativeTarget;
			buildConfigurationList = 6D314D5724805176002BBA67 /* Build configuration list for PBXNativeTarget "Calculator BMI" */;
			buildPhases = (
				6D314D3F24805175002BBA67 /* Sources */,
				6D314D4024805175002BBA67 /* Frameworks */,
				6D314D4124805175002BBA67 /* Resources */,
			);
			buildRules = (
			);
			dependencies = (
			);
			name = "Calculator BMI";
			productName = Calculator;
			productReference = 6D314D4324805175002BBA67 /* Calculator BMI.app */;
			productType = "com.apple.product-type.application";
		};
/* End PBXNativeTarget section */

/* Begin PBXProject section */
		6D314D3B24805175002BBA67 /* Project object */ = {
			isa = PBXProject;
			attributes = {
				LastSwiftUpdateCheck = 1140;
				LastUpgradeCheck = 1140;
				ORGANIZATIONNAME = Edgar;
				TargetAttributes = {
					6D314D4224805175002BBA67 = {
						CreatedOnToolsVersion = 11.4.1;
					};
				};
			};
			buildConfigurationList = 6D314D3E24805175002BBA67 /* Build configuration list for PBXProject "Calculator BMI" */;
			compatibilityVersion = "Xcode 9.3";
			developmentRegion = en;
			hasScannedForEncodings = 0;
			knownRegions = (
				en,
				Base,
			);
			mainGroup = 6D314D3A24805175002BBA67;
			productRefGroup = 6D314D4424805175002BBA67 /* Products */;
			projectDirPath = "";
			projectRoot = "";
			targets = (
				6D314D4224805175002BBA67 /* Calculator BMI */,
			);
		};
/* End PBXProject section */

/* Begin PBXResourcesBuildPhase section */
		6D314D4124805175002BBA67 /* Resources */ = {
			isa = PBXResourcesBuildPhase;
			buildActionMask = 2147483647;
			files = (
				6D314D5324805176002BBA67 /* LaunchScreen.storyboard in Resources */,
				6D314D5024805176002BBA67 /* Assets.xcassets in Resources */,
				6D314D4E24805175002BBA67 /* Main.storyboard in Resources */,
			);
			runOnlyForDeploymentPostprocessing = 0;
		};
/* End PBXResourcesBuildPhase section */

/* Begin PBXSourcesBuildPhase section */
		6D314D3F24805175002BBA67 /* Sources */ = {
			isa = PBXSourcesBuildPhase;
			buildActionMask = 2147483647;
			files = (
				6D314D4B24805175002BBA67 /* CalculateViewController.swift in Sources */,
				6D314D4724805175002BBA67 /* AppDelegate.swift in Sources */,
				6D314D4924805175002BBA67 /* SceneDelegate.swift in Sources */,
				6D4C1E5A2483042A0058CF7A /* CalculatorBrain.swift in Sources */,
				6D4C1E5D248307D10058CF7A /* BMI.swift in Sources */,
				6D4C1E582482FAEA0058CF7A /* ResultViewController.swift in Sources */,
			);
			runOnlyForDeploymentPostprocessing = 0;
		};
/* End PBXSourcesBuildPhase section */

/* Begin PBXVariantGroup section */
		6D314D4C24805175002BBA67 /* Main.storyboard */ = {
			isa = PBXVariantGroup;
			children = (
				6D314D4D24805175002BBA67 /* Base */,
			);
			name = Main.storyboard;
			sourceTree = "<group>";
		};
		6D314D5124805176002BBA67 /* LaunchScreen.storyboard */ = {
			isa = PBXVariantGroup;
			children = (
				6D314D5224805176002BBA67 /* Base */,
			);
			name = LaunchScreen.storyboard;
			sourceTree = "<group>";
		};
/* End PBXVariantGroup section */

/* Begin XCBuildConfiguration section */
		6D314D5524805176002BBA67 /* Debug */ = {
			isa = XCBuildConfiguration;
			buildSettings = {
				ALWAYS_SEARCH_USER_PATHS = NO;
				CLANG_ANALYZER_NONNULL = YES;
				CLANG_ANALYZER_NUMBER_OBJECT_CONVERSION = YES_AGGRESSIVE;
				CLANG_CXX_LANGUAGE_STANDARD = "gnu++14";
				CLANG_CXX_LIBRARY = "libc++";
				CLANG_ENABLE_MODULES = YES;
				CLANG_ENABLE_OBJC_ARC = YES;
				CLANG_ENABLE_OBJC_WEAK = YES;
				CLANG_WARN_BLOCK_CAPTURE_AUTORELEASING = YES;
				CLANG_WARN_BOOL_CONVERSION = YES;
				CLANG_WARN_COMMA = YES;
				CLANG_WARN_CONSTANT_CONVERSION = YES;
				CLANG_WARN_DEPRECATED_OBJC_IMPLEMENTATIONS = YES;
				CLANG_WARN_DIRECT_OBJC_ISA_USAGE = YES_ERROR;
				CLANG_WARN_DOCUMENTATION_COMMENTS = YES;
				CLANG_WARN_EMPTY_BODY = YES;
				CLANG_WARN_ENUM_CONVERSION = YES;
				CLANG_WARN_INFINITE_RECURSION = YES;
				CLANG_WARN_INT_CONVERSION = YES;
				CLANG_WARN_NON_LITERAL_NULL_CONVERSION = YES;
				CLANG_WARN_OBJC_IMPLICIT_RETAIN_SELF = YES;
				CLANG_WARN_OBJC_LITERAL_CONVERSION = YES;
				CLANG_WARN_OBJC_ROOT_CLASS = YES_ERROR;
				CLANG_WARN_RANGE_LOOP_ANALYSIS = YES;
				CLANG_WARN_STRICT_PROTOTYPES = YES;
				CLANG_WARN_SUSPICIOUS_MOVE = YES;
				CLANG_WARN_UNGUARDED_AVAILABILITY = YES_AGGRESSIVE;
				CLANG_WARN_UNREACHABLE_CODE = YES;
				CLANG_WARN__DUPLICATE_METHOD_MATCH = YES;
				COPY_PHASE_STRIP = NO;
				DEBUG_INFORMATION_FORMAT = dwarf;
				ENABLE_STRICT_OBJC_MSGSEND = YES;
				ENABLE_TESTABILITY = YES;
				GCC_C_LANGUAGE_STANDARD = gnu11;
				GCC_DYNAMIC_NO_PIC = NO;
				GCC_NO_COMMON_BLOCKS = YES;
				GCC_OPTIMIZATION_LEVEL = 0;
				GCC_PREPROCESSOR_DEFINITIONS = (
					"DEBUG=1",
					"$(inherited)",
				);
				GCC_WARN_64_TO_32_BIT_CONVERSION = YES;
				GCC_WARN_ABOUT_RETURN_TYPE = YES_ERROR;
				GCC_WARN_UNDECLARED_SELECTOR = YES;
				GCC_WARN_UNINITIALIZED_AUTOS = YES_AGGRESSIVE;
				GCC_WARN_UNUSED_FUNCTION = YES;
				GCC_WARN_UNUSED_VARIABLE = YES;
				IPHONEOS_DEPLOYMENT_TARGET = 13.4;
				MTL_ENABLE_DEBUG_INFO = INCLUDE_SOURCE;
				MTL_FAST_MATH = YES;
				ONLY_ACTIVE_ARCH = YES;
				SDKROOT = iphoneos;
				SWIFT_ACTIVE_COMPILATION_CONDITIONS = DEBUG;
				SWIFT_OPTIMIZATION_LEVEL = "-Onone";
			};
			name = Debug;
		};
		6D314D5624805176002BBA67 /* Release */ = {
			isa = XCBuildConfiguration;
			buildSettings = {
				ALWAYS_SEARCH_USER_PATHS = NO;
				CLANG_ANALYZER_NONNULL = YES;
				CLANG_ANALYZER_NUMBER_OBJECT_CONVERSION = YES_AGGRESSIVE;
				CLANG_CXX_LANGUAGE_STANDARD = "gnu++14";
				CLANG_CXX_LIBRARY = "libc++";
				CLANG_ENABLE_MODULES = YES;
				CLANG_ENABLE_OBJC_ARC = YES;
				CLANG_ENABLE_OBJC_WEAK = YES;
				CLANG_WARN_BLOCK_CAPTURE_AUTORELEASING = YES;
				CLANG_WARN_BOOL_CONVERSION = YES;
				CLANG_WARN_COMMA = YES;
				CLANG_WARN_CONSTANT_CONVERSION = YES;
				CLANG_WARN_DEPRECATED_OBJC_IMPLEMENTATIONS = YES;
				CLANG_WARN_DIRECT_OBJC_ISA_USAGE = YES_ERROR;
				CLANG_WARN_DOCUMENTATION_COMMENTS = YES;
				CLANG_WARN_EMPTY_BODY = YES;
				CLANG_WARN_ENUM_CONVERSION = YES;
				CLANG_WARN_INFINITE_RECURSION = YES;
				CLANG_WARN_INT_CONVERSION = YES;
				CLANG_WARN_NON_LITERAL_NULL_CONVERSION = YES;
				CLANG_WARN_OBJC_IMPLICIT_RETAIN_SELF = YES;
				CLANG_WARN_OBJC_LITERAL_CONVERSION = YES;
				CLANG_WARN_OBJC_ROOT_CLASS = YES_ERROR;
				CLANG_WARN_RANGE_LOOP_ANALYSIS = YES;
				CLANG_WARN_STRICT_PROTOTYPES = YES;
				CLANG_WARN_SUSPICIOUS_MOVE = YES;
				CLANG_WARN_UNGUARDED_AVAILABILITY = YES_AGGRESSIVE;
				CLANG_WARN_UNREACHABLE_CODE = YES;
				CLANG_WARN__DUPLICATE_METHOD_MATCH = YES;
				COPY_PHASE_STRIP = NO;
				DEBUG_INFORMATION_FORMAT = "dwarf-with-dsym";
				ENABLE_NS_ASSERTIONS = NO;
				ENABLE_STRICT_OBJC_MSGSEND = YES;
				GCC_C_LANGUAGE_STANDARD = gnu11;
				GCC_NO_COMMON_BLOCKS = YES;
				GCC_WARN_64_TO_32_BIT_CONVERSION = YES;
				GCC_WARN_ABOUT_RETURN_TYPE = YES_ERROR;
				GCC_WARN_UNDECLARED_SELECTOR = YES;
				GCC_WARN_UNINITIALIZED_AUTOS = YES_AGGRESSIVE;
				GCC_WARN_UNUSED_FUNCTION = YES;
				GCC_WARN_UNUSED_VARIABLE = YES;
				IPHONEOS_DEPLOYMENT_TARGET = 13.4;
				MTL_ENABLE_DEBUG_INFO = NO;
				MTL_FAST_MATH = YES;
				SDKROOT = iphoneos;
				SWIFT_COMPILATION_MODE = wholemodule;
				SWIFT_OPTIMIZATION_LEVEL = "-O";
				VALIDATE_PRODUCT = YES;
			};
			name = Release;
		};
		6D314D5824805176002BBA67 /* Debug */ = {
			isa = XCBuildConfiguration;
			buildSettings = {
				ASSETCATALOG_COMPILER_APPICON_NAME = AppIcon;
				CODE_SIGN_STYLE = Automatic;
				DEVELOPMENT_TEAM = QD77427QCY;
				INFOPLIST_FILE = Calculator/Info.plist;
				LD_RUNPATH_SEARCH_PATHS = (
					"$(inherited)",
					"@executable_path/Frameworks",
				);
				PRODUCT_BUNDLE_IDENTIFIER = com.edgarh.Calculator;
				PRODUCT_NAME = "$(TARGET_NAME)";
				SWIFT_VERSION = 5.0;
				TARGETED_DEVICE_FAMILY = "1,2";
			};
			name = Debug;
		};
		6D314D5924805176002BBA67 /* Release */ = {
			isa = XCBuildConfiguration;
			buildSettings = {
				ASSETCATALOG_COMPILER_APPICON_NAME = AppIcon;
				CODE_SIGN_STYLE = Automatic;
				DEVELOPMENT_TEAM = QD77427QCY;
				INFOPLIST_FILE = Calculator/Info.plist;
				LD_RUNPATH_SEARCH_PATHS = (
					"$(inherited)",
					"@executable_path/Frameworks",
				);
				PRODUCT_BUNDLE_IDENTIFIER = com.edgarh.Calculator;
				PRODUCT_NAME = "$(TARGET_NAME)";
				SWIFT_VERSION = 5.0;
				TARGETED_DEVICE_FAMILY = "1,2";
			};
			name = Release;
		};
/* End XCBuildConfiguration section */

/* Begin XCConfigurationList section */
		6D314D3E24805175002BBA67 /* Build configuration list for PBXProject "Calculator BMI" */ = {
			isa = XCConfigurationList;
			buildConfigurations = (
				6D314D5524805176002BBA67 /* Debug */,
				6D314D5624805176002BBA67 /* Release */,
			);
			defaultConfigurationIsVisible = 0;
			defaultConfigurationName = Release;
		};
		6D314D5724805176002BBA67 /* Build configuration list for PBXNativeTarget "Calculator BMI" */ = {
			isa = XCConfigurationList;
			buildConfigurations = (
				6D314D5824805176002BBA67 /* Debug */,
				6D314D5924805176002BBA67 /* Release */,
			);
			defaultConfigurationIsVisible = 0;
			defaultConfigurationName = Release;
		};
/* End XCConfigurationList section */
	};
	rootObject = 6D314D3B24805175002BBA67 /* Project object */;
}
